
Microsoft Visual Studio Solution File, Format Version 12.00
# Visual Studio 15
VisualStudioVersion = 15.0.28307.779
MinimumVisualStudioVersion = 10.0.40219.1
Project("{FAE04EC0-301F-11D3-BF4B-00C04F79EFBC}") = "MyCalcFractionLib", "MyCalcFractionLib\MyCalcFractionLib.csproj", "{3DA35F1C-4326-4ADF-ABEF-7864D586C9B8}"
EndProject
Project("{FAE04EC0-301F-11D3-BF4B-00C04F79EFBC}") = "MyCalcFractionLib.Tests", "MyCalcFractionLib.Tests\MyCalcFractionLib.Tests.csproj", "{920BF9D2-640A-48A1-B2C8-0BA2908CA666}"
EndProject
Global
	GlobalSection(SolutionConfigurationPlatforms) = preSolution
		Debug|Any CPU = Debug|Any CPU
		Release|Any CPU = Release|Any CPU
	EndGlobalSection
	GlobalSection(ProjectConfigurationPlatforms) = postSolution
		{3DA35F1C-4326-4ADF-ABEF-7864D586C9B8}.Debug|Any CPU.ActiveCfg = Debug|Any CPU
		{3DA35F1C-4326-4ADF-ABEF-7864D586C9B8}.Debug|Any CPU.Build.0 = Debug|Any CPU
		{3DA35F1C-4326-4ADF-ABEF-7864D586C9B8}.Release|Any CPU.ActiveCfg = Release|Any CPU
		{3DA35F1C-4326-4ADF-ABEF-7864D586C9B8}.Release|Any CPU.Build.0 = Release|Any CPU
		{920BF9D2-640A-48A1-B2C8-0BA2908CA666}.Debug|Any CPU.ActiveCfg = Debug|Any CPU
		{920BF9D2-640A-48A1-B2C8-0BA2908CA666}.Debug|Any CPU.Build.0 = Debug|Any CPU
		{920BF9D2-640A-48A1-B2C8-0BA2908CA666}.Release|Any CPU.ActiveCfg = Release|Any CPU
		{920BF9D2-640A-48A1-B2C8-0BA2908CA666}.Release|Any CPU.Build.0 = Release|Any CPU
	EndGlobalSection
	GlobalSection(SolutionProperties) = preSolution
		HideSolutionNode = FALSE
	EndGlobalSection
	GlobalSection(ExtensibilityGlobals) = postSolution
		SolutionGuid = {E07616CE-0168-4570-AA06-700FA6F48944}
	EndGlobalSection
EndGlobal
